{
    "version": 3,
    "terraform_version": "0.11.11",
    "serial": 8,
    "lineage": "86406043-0e71-3815-d359-ada25f9b826a",
    "modules": [
        {
            "path": [
                "root"
            ],
            "outputs": {},
            "resources": {
                "aws_instance.example": {
                    "type": "aws_instance",
                    "depends_on": [
                        "aws_key_pair.developer"
                    ],
                    "primary": {
                        "id": "i-0ddf80ee90d1ce726",
                        "attributes": {
                            "ami": "ami-0a574895390037a62",
                            "arn": "arn:aws:ec2:ap-south-1:577683050298:instance/i-0ddf80ee90d1ce726",
                            "associate_public_ip_address": "true",
                            "availability_zone": "ap-south-1a",
                            "cpu_core_count": "1",
                            "cpu_threads_per_core": "1",
                            "credit_specification.#": "1",
                            "credit_specification.0.cpu_credits": "standard",
                            "disable_api_termination": "false",
                            "ebs_block_device.#": "0",
                            "ebs_optimized": "false",
                            "ephemeral_block_device.#": "0",
                            "get_password_data": "false",
                            "iam_instance_profile": "",
                            "id": "i-0ddf80ee90d1ce726",
                            "instance_state": "running",
                            "instance_type": "t2.micro",
                            "ipv6_addresses.#": "0",
                            "key_name": "MY_KEY",
                            "monitoring": "false",
                            "network_interface.#": "0",
                            "network_interface_id": "eni-04815dd46d62efbd3",
                            "password_data": "",
                            "placement_group": "",
                            "primary_network_interface_id": "eni-04815dd46d62efbd3",
                            "private_dns": "ip-172-31-16-168.ap-south-1.compute.internal",
                            "private_ip": "172.31.16.168",
                            "public_dns": "ec2-13-233-197-42.ap-south-1.compute.amazonaws.com",
                            "public_ip": "13.233.197.42",
                            "root_block_device.#": "1",
                            "root_block_device.0.delete_on_termination": "true",
                            "root_block_device.0.iops": "100",
                            "root_block_device.0.volume_id": "vol-0945ea94ecb3f929a",
                            "root_block_device.0.volume_size": "8",
                            "root_block_device.0.volume_type": "gp2",
                            "security_groups.#": "1",
                            "security_groups.3814588639": "default",
                            "source_dest_check": "true",
                            "subnet_id": "subnet-ae276dc6",
                            "tags.%": "0",
                            "tenancy": "default",
                            "volume_tags.%": "0",
                            "vpc_security_group_ids.#": "1",
                            "vpc_security_group_ids.2603940258": "sg-00d59e6d"
                        },
                        "meta": {
                            "e2bfb730-ecaa-11e6-8f88-34363bc7c4c0": {
                                "create": 600000000000,
                                "delete": 1200000000000,
                                "update": 600000000000
                            },
                            "schema_version": "1"
                        },
                        "tainted": true
                    },
                    "deposed": [],
                    "provider": "provider.aws"
                },
                "aws_key_pair.developer": {
                    "type": "aws_key_pair",
                    "depends_on": [],
                    "primary": {
                        "id": "MY_KEY",
                        "attributes": {
                            "fingerprint": "8a:8c:c7:67:7b:8a:ce:d5:e5:d2:0c:83:ce:88:fe:89",
                            "id": "MY_KEY",
                            "key_name": "MY_KEY",
                            "public_key": "ssh-rsa AAAAB3NzaC1yc2EAAAADAQABAAABAQDD+UeHCW3YevCT0Z7tMkLlED030nfggLUAFVfJwRKMysMR5OzfNT+Iof/wX27yUzNaMao+UuuHaqXoU6YiJAhrhEU14F+CnDeT/mxw3x+MFA8nLyo5sFrWz/CNZwWR5iNb7IfIRPMWkbxQRE5VbGDEjxfI11byGqkts3nwVTdKBH6lKOC/jFncK+kGbgf4QV9Nw8syUji8KIhmb6F41FCkQSb5V5AcrgcDhnbwFEg5d36Iig8HF5eXR02XqD3kE+QidUcTpVp447hPjMAiWmapmfNAVOrUVDQLE/eMIBdU0hyWMZ8jYkwhCmiTNNEDhGQbvRLB3snox+CQ627jE9/Z karthik@I"
                        },
                        "meta": {
                            "schema_version": "1"
                        },
                        "tainted": false
                    },
                    "deposed": [],
                    "provider": "provider.aws"
                }
            },
            "depends_on": []
        }
    ]
}
